
Microsoft Visual Studio Solution File, Format Version 12.00
# Visual Studio 15
VisualStudioVersion = 15.0.27019.1
MinimumVisualStudioVersion = 10.0.40219.1
Project("{FAE04EC0-301F-11D3-BF4B-00C04F79EFBC}") = "Imagination", "Imagination\Imagination.csproj", "{07D9AD5B-4981-41BF-99D5-AC6A0B89331E}"
EndProject
Project("{FAE04EC0-301F-11D3-BF4B-00C04F79EFBC}") = "ImagineLib", "ImagineLib\ImagineLib.csproj", "{9F6F97A2-CB9D-499A-B124-A15A35EAC7E4}"
EndProject
Global
	GlobalSection(SolutionConfigurationPlatforms) = preSolution
		Debug|Any CPU = Debug|Any CPU
		Release|Any CPU = Release|Any CPU
	EndGlobalSection
	GlobalSection(ProjectConfigurationPlatforms) = postSolution
		{07D9AD5B-4981-41BF-99D5-AC6A0B89331E}.Debug|Any CPU.ActiveCfg = Debug|Any CPU
		{07D9AD5B-4981-41BF-99D5-AC6A0B89331E}.Debug|Any CPU.Build.0 = Debug|Any CPU
		{07D9AD5B-4981-41BF-99D5-AC6A0B89331E}.Release|Any CPU.ActiveCfg = Release|Any CPU
		{07D9AD5B-4981-41BF-99D5-AC6A0B89331E}.Release|Any CPU.Build.0 = Release|Any CPU
		{9F6F97A2-CB9D-499A-B124-A15A35EAC7E4}.Debug|Any CPU.ActiveCfg = Debug|Any CPU
		{9F6F97A2-CB9D-499A-B124-A15A35EAC7E4}.Debug|Any CPU.Build.0 = Debug|Any CPU
		{9F6F97A2-CB9D-499A-B124-A15A35EAC7E4}.Release|Any CPU.ActiveCfg = Release|Any CPU
		{9F6F97A2-CB9D-499A-B124-A15A35EAC7E4}.Release|Any CPU.Build.0 = Release|Any CPU
	EndGlobalSection
	GlobalSection(SolutionProperties) = preSolution
		HideSolutionNode = FALSE
	EndGlobalSection
	GlobalSection(ExtensibilityGlobals) = postSolution
		SolutionGuid = {E32383B2-201F-44DF-9CB5-D097800FD8B8}
	EndGlobalSection
EndGlobal
